
Microsoft Visual Studio Solution File, Format Version 12.00
# Visual Studio 15
VisualStudioVersion = 15.0.28307.168
MinimumVisualStudioVersion = 10.0.40219.1
Project("{9A19103F-16F7-4668-BE54-9A1E7A4F7556}") = "ReverseArray", "ReverseArray\ReverseArray.csproj", "{D8EDDF3E-C7A8-4E97-A72D-D74A7E007C2C}"
EndProject
Project("{FAE04EC0-301F-11D3-BF4B-00C04F79EFBC}") = "HanoiTower", "HanoiTower\HanoiTower.csproj", "{D91D71E5-48D2-4ECC-A477-3BAFDADB426C}"
EndProject
Project("{FAE04EC0-301F-11D3-BF4B-00C04F79EFBC}") = "CombinationsWithoutRepetitions", "CombinationsWithoutRepetitions\CombinationsWithoutRepetitions.csproj", "{F92D00F2-C055-4DF8-BD68-29B26A651D5D}"
EndProject
Global
	GlobalSection(SolutionConfigurationPlatforms) = preSolution
		Debug|Any CPU = Debug|Any CPU
		Release|Any CPU = Release|Any CPU
	EndGlobalSection
	GlobalSection(ProjectConfigurationPlatforms) = postSolution
		{D8EDDF3E-C7A8-4E97-A72D-D74A7E007C2C}.Debug|Any CPU.ActiveCfg = Debug|Any CPU
		{D8EDDF3E-C7A8-4E97-A72D-D74A7E007C2C}.Debug|Any CPU.Build.0 = Debug|Any CPU
		{D8EDDF3E-C7A8-4E97-A72D-D74A7E007C2C}.Release|Any CPU.ActiveCfg = Release|Any CPU
		{D8EDDF3E-C7A8-4E97-A72D-D74A7E007C2C}.Release|Any CPU.Build.0 = Release|Any CPU
		{D91D71E5-48D2-4ECC-A477-3BAFDADB426C}.Debug|Any CPU.ActiveCfg = Debug|Any CPU
		{D91D71E5-48D2-4ECC-A477-3BAFDADB426C}.Debug|Any CPU.Build.0 = Debug|Any CPU
		{D91D71E5-48D2-4ECC-A477-3BAFDADB426C}.Release|Any CPU.ActiveCfg = Release|Any CPU
		{D91D71E5-48D2-4ECC-A477-3BAFDADB426C}.Release|Any CPU.Build.0 = Release|Any CPU
		{F92D00F2-C055-4DF8-BD68-29B26A651D5D}.Debug|Any CPU.ActiveCfg = Debug|Any CPU
		{F92D00F2-C055-4DF8-BD68-29B26A651D5D}.Debug|Any CPU.Build.0 = Debug|Any CPU
		{F92D00F2-C055-4DF8-BD68-29B26A651D5D}.Release|Any CPU.ActiveCfg = Release|Any CPU
		{F92D00F2-C055-4DF8-BD68-29B26A651D5D}.Release|Any CPU.Build.0 = Release|Any CPU
	EndGlobalSection
	GlobalSection(SolutionProperties) = preSolution
		HideSolutionNode = FALSE
	EndGlobalSection
	GlobalSection(ExtensibilityGlobals) = postSolution
		SolutionGuid = {15A757E1-B5F4-477F-BDF5-D917EE742D75}
	EndGlobalSection
EndGlobal
