
Microsoft Visual Studio Solution File, Format Version 12.00
# Visual Studio 15
VisualStudioVersion = 15.0.28307.168
MinimumVisualStudioVersion = 10.0.40219.1
Project("{9A19103F-16F7-4668-BE54-9A1E7A4F7556}") = "RecursiveArraySum", "RecursiveArraySum\RecursiveArraySum.csproj", "{D7323895-1AD8-494E-AEDB-9832AAA13318}"
EndProject
Project("{9A19103F-16F7-4668-BE54-9A1E7A4F7556}") = "RecursiveFactorial", "RecursiveFactorial\RecursiveFactorial.csproj", "{DC934F79-83CF-419B-BC87-DE409B2B459F}"
EndProject
Project("{9A19103F-16F7-4668-BE54-9A1E7A4F7556}") = "RecursiveDrawing", "RecursiveDrawing\RecursiveDrawing.csproj", "{983853B4-1497-4C6E-8231-7B79F58DDBC2}"
EndProject
Project("{9A19103F-16F7-4668-BE54-9A1E7A4F7556}") = "GeneratingVectors", "GeneratingVectors\GeneratingVectors.csproj", "{D4717BEA-F72A-4D4C-94A7-E0244ECB5E6C}"
EndProject
Project("{9A19103F-16F7-4668-BE54-9A1E7A4F7556}") = "GeneratingCombinations", "GeneratingCombinations\GeneratingCombinations.csproj", "{C3CFCA0F-2BB0-43F5-93E9-EF2199451356}"
EndProject
Project("{9A19103F-16F7-4668-BE54-9A1E7A4F7556}") = "EightQueens", "EightQueens\EightQueens.csproj", "{ECB41142-0BA7-47B8-B410-EDFC9D94C42C}"
EndProject
Project("{9A19103F-16F7-4668-BE54-9A1E7A4F7556}") = "DiceRolls", "DiceRolls\DiceRolls.csproj", "{56382B0B-A1DF-4E92-AFE8-C5F9BAA8E7C7}"
EndProject
Project("{9A19103F-16F7-4668-BE54-9A1E7A4F7556}") = "DiceRollsExactSum", "DiceRollsExactSum\DiceRollsExactSum.csproj", "{880D92FC-7587-43C2-8864-0B3774DE9C18}"
EndProject
Project("{9A19103F-16F7-4668-BE54-9A1E7A4F7556}") = "SubLists", "SubLists\SubLists.csproj", "{27FC9DAB-D083-4AE6-8900-1784AD20750A}"
EndProject
Project("{FAE04EC0-301F-11D3-BF4B-00C04F79EFBC}") = "Labyrinth", "Labyrinth\Labyrinth.csproj", "{6E0D547A-6063-405B-B9AE-ED8A7D499A3E}"
EndProject
Global
	GlobalSection(SolutionConfigurationPlatforms) = preSolution
		Debug|Any CPU = Debug|Any CPU
		Release|Any CPU = Release|Any CPU
	EndGlobalSection
	GlobalSection(ProjectConfigurationPlatforms) = postSolution
		{D7323895-1AD8-494E-AEDB-9832AAA13318}.Debug|Any CPU.ActiveCfg = Debug|Any CPU
		{D7323895-1AD8-494E-AEDB-9832AAA13318}.Debug|Any CPU.Build.0 = Debug|Any CPU
		{D7323895-1AD8-494E-AEDB-9832AAA13318}.Release|Any CPU.ActiveCfg = Release|Any CPU
		{D7323895-1AD8-494E-AEDB-9832AAA13318}.Release|Any CPU.Build.0 = Release|Any CPU
		{DC934F79-83CF-419B-BC87-DE409B2B459F}.Debug|Any CPU.ActiveCfg = Debug|Any CPU
		{DC934F79-83CF-419B-BC87-DE409B2B459F}.Debug|Any CPU.Build.0 = Debug|Any CPU
		{DC934F79-83CF-419B-BC87-DE409B2B459F}.Release|Any CPU.ActiveCfg = Release|Any CPU
		{DC934F79-83CF-419B-BC87-DE409B2B459F}.Release|Any CPU.Build.0 = Release|Any CPU
		{983853B4-1497-4C6E-8231-7B79F58DDBC2}.Debug|Any CPU.ActiveCfg = Debug|Any CPU
		{983853B4-1497-4C6E-8231-7B79F58DDBC2}.Debug|Any CPU.Build.0 = Debug|Any CPU
		{983853B4-1497-4C6E-8231-7B79F58DDBC2}.Release|Any CPU.ActiveCfg = Release|Any CPU
		{983853B4-1497-4C6E-8231-7B79F58DDBC2}.Release|Any CPU.Build.0 = Release|Any CPU
		{D4717BEA-F72A-4D4C-94A7-E0244ECB5E6C}.Debug|Any CPU.ActiveCfg = Debug|Any CPU
		{D4717BEA-F72A-4D4C-94A7-E0244ECB5E6C}.Debug|Any CPU.Build.0 = Debug|Any CPU
		{D4717BEA-F72A-4D4C-94A7-E0244ECB5E6C}.Release|Any CPU.ActiveCfg = Release|Any CPU
		{D4717BEA-F72A-4D4C-94A7-E0244ECB5E6C}.Release|Any CPU.Build.0 = Release|Any CPU
		{C3CFCA0F-2BB0-43F5-93E9-EF2199451356}.Debug|Any CPU.ActiveCfg = Debug|Any CPU
		{C3CFCA0F-2BB0-43F5-93E9-EF2199451356}.Debug|Any CPU.Build.0 = Debug|Any CPU
		{C3CFCA0F-2BB0-43F5-93E9-EF2199451356}.Release|Any CPU.ActiveCfg = Release|Any CPU
		{C3CFCA0F-2BB0-43F5-93E9-EF2199451356}.Release|Any CPU.Build.0 = Release|Any CPU
		{ECB41142-0BA7-47B8-B410-EDFC9D94C42C}.Debug|Any CPU.ActiveCfg = Debug|Any CPU
		{ECB41142-0BA7-47B8-B410-EDFC9D94C42C}.Debug|Any CPU.Build.0 = Debug|Any CPU
		{ECB41142-0BA7-47B8-B410-EDFC9D94C42C}.Release|Any CPU.ActiveCfg = Release|Any CPU
		{ECB41142-0BA7-47B8-B410-EDFC9D94C42C}.Release|Any CPU.Build.0 = Release|Any CPU
		{56382B0B-A1DF-4E92-AFE8-C5F9BAA8E7C7}.Debug|Any CPU.ActiveCfg = Debug|Any CPU
		{56382B0B-A1DF-4E92-AFE8-C5F9BAA8E7C7}.Debug|Any CPU.Build.0 = Debug|Any CPU
		{56382B0B-A1DF-4E92-AFE8-C5F9BAA8E7C7}.Release|Any CPU.ActiveCfg = Release|Any CPU
		{56382B0B-A1DF-4E92-AFE8-C5F9BAA8E7C7}.Release|Any CPU.Build.0 = Release|Any CPU
		{880D92FC-7587-43C2-8864-0B3774DE9C18}.Debug|Any CPU.ActiveCfg = Debug|Any CPU
		{880D92FC-7587-43C2-8864-0B3774DE9C18}.Debug|Any CPU.Build.0 = Debug|Any CPU
		{880D92FC-7587-43C2-8864-0B3774DE9C18}.Release|Any CPU.ActiveCfg = Release|Any CPU
		{880D92FC-7587-43C2-8864-0B3774DE9C18}.Release|Any CPU.Build.0 = Release|Any CPU
		{27FC9DAB-D083-4AE6-8900-1784AD20750A}.Debug|Any CPU.ActiveCfg = Debug|Any CPU
		{27FC9DAB-D083-4AE6-8900-1784AD20750A}.Debug|Any CPU.Build.0 = Debug|Any CPU
		{27FC9DAB-D083-4AE6-8900-1784AD20750A}.Release|Any CPU.ActiveCfg = Release|Any CPU
		{27FC9DAB-D083-4AE6-8900-1784AD20750A}.Release|Any CPU.Build.0 = Release|Any CPU
		{6E0D547A-6063-405B-B9AE-ED8A7D499A3E}.Debug|Any CPU.ActiveCfg = Debug|Any CPU
		{6E0D547A-6063-405B-B9AE-ED8A7D499A3E}.Debug|Any CPU.Build.0 = Debug|Any CPU
		{6E0D547A-6063-405B-B9AE-ED8A7D499A3E}.Release|Any CPU.ActiveCfg = Release|Any CPU
		{6E0D547A-6063-405B-B9AE-ED8A7D499A3E}.Release|Any CPU.Build.0 = Release|Any CPU
	EndGlobalSection
	GlobalSection(SolutionProperties) = preSolution
		HideSolutionNode = FALSE
	EndGlobalSection
	GlobalSection(ExtensibilityGlobals) = postSolution
		SolutionGuid = {1E4F2228-C810-4BA5-9987-97291D02700C}
	EndGlobalSection
EndGlobal
